// !$*UTF8*$!
{
	archiveVersion = 1;
	classes = {
	};
	objectVersion = 46;
	objects = {

/* Begin PBXBuildFile section */
		3DD673A21EA1A3EE0086532C /* AppDelegate.swift in Sources */ = {isa = PBXBuildFile; fileRef = 3DD673A11EA1A3EE0086532C /* AppDelegate.swift */; };
		3DD673A41EA1A3EE0086532C /* ViewController.swift in Sources */ = {isa = PBXBuildFile; fileRef = 3DD673A31EA1A3EE0086532C /* ViewController.swift */; };
		3DD673A71EA1A3EE0086532C /* Main.storyboard in Resources */ = {isa = PBXBuildFile; fileRef = 3DD673A51EA1A3EE0086532C /* Main.storyboard */; };
		3DD673A91EA1A3EE0086532C /* Assets.xcassets in Resources */ = {isa = PBXBuildFile; fileRef = 3DD673A81EA1A3EE0086532C /* Assets.xcassets */; };
		3DD673AC1EA1A3EE0086532C /* LaunchScreen.storyboard in Resources */ = {isa = PBXBuildFile; fileRef = 3DD673AA1EA1A3EE0086532C /* LaunchScreen.storyboard */; };
/* End PBXBuildFile section */

/* Begin PBXFileReference section */
		3DD6739E1EA1A3EE0086532C /* audioBach.app */ = {isa = PBXFileReference; explicitFileType = wrapper.application; includeInIndex = 0; path = audioBach.app; sourceTree = BUILT_PRODUCTS_DIR; };
		3DD673A11EA1A3EE0086532C /* AppDelegate.swift */ = {isa = PBXFileReference; lastKnownFileType = sourcecode.swift; path = AppDelegate.swift; sourceTree = "<group>"; };
		3DD673A31EA1A3EE0086532C /* ViewController.swift */ = {isa = PBXFileReference; lastKnownFileType = sourcecode.swift; path = ViewController.swift; sourceTree = "<group>"; };
		3DD673A61EA1A3EE0086532C /* Base */ = {isa = PBXFileReference; lastKnownFileType = file.storyboard; name = Base; path = Base.lproj/Main.storyboard; sourceTree = "<group>"; };
		3DD673A81EA1A3EE0086532C /* Assets.xcassets */ = {isa = PBXFileReference; lastKnownFileType = folder.assetcatalog; path = Assets.xcassets; sourceTree = "<group>"; };
		3DD673AB1EA1A3EE0086532C /* Base */ = {isa = PBXFileReference; lastKnownFileType = file.storyboard; name = Base; path = Base.lproj/LaunchScreen.storyboard; sourceTree = "<group>"; };
		3DD673AD1EA1A3EE0086532C /* Info.plist */ = {isa = PBXFileReference; lastKnownFileType = text.plist.xml; path = Info.plist; sourceTree = "<group>"; };
/* End PBXFileReference section */

/* Begin PBXFrameworksBuildPhase section */
		3DD6739B1EA1A3EE0086532C /* Frameworks */ = {
			isa = PBXFrameworksBuildPhase;
			buildActionMask = 2147483647;
			files = (
			);
			runOnlyForDeploymentPostprocessing = 0;
		};
/* End PBXFrameworksBuildPhase section */

/* Begin PBXGroup section */
		3DD673951EA1A3EE0086532C = {
			isa = PBXGroup;
			children = (
				3DD673A01EA1A3EE0086532C /* audioBach */,
				3DD6739F1EA1A3EE0086532C /* Products */,
			);
			sourceTree = "<group>";
		};
		3DD6739F1EA1A3EE0086532C /* Products */ = {
			isa = PBXGroup;
			children = (
				3DD6739E1EA1A3EE0086532C /* audioBach.app */,
			);
			name = Products;
			sourceTree = "<group>";
		};
		3DD673A01EA1A3EE0086532C /* audioBach */ = {
			isa = PBXGroup;
			children = (
				3DD673A11EA1A3EE0086532C /* AppDelegate.swift */,
				3DD673A31EA1A3EE0086532C /* ViewController.swift */,
				3DD673A51EA1A3EE0086532C /* Main.storyboard */,
				3DD673A81EA1A3EE0086532C /* Assets.xcassets */,
				3DD673AA1EA1A3EE0086532C /* LaunchScreen.storyboard */,
				3DD673AD1EA1A3EE0086532C /* Info.plist */,
			);
			path = audioBach;
			sourceTree = "<group>";
		};
/* End PBXGroup section */

/* Begin PBXNativeTarget section */
		3DD6739D1EA1A3EE0086532C /* audioBach */ = {
			isa = PBXNativeTarget;
			buildConfigurationList = 3DD673B01EA1A3EE0086532C /* Build configuration list for PBXNativeTarget "audioBach" */;
			buildPhases = (
				3DD6739A1EA1A3EE0086532C /* Sources */,
				3DD6739B1EA1A3EE0086532C /* Frameworks */,
				3DD6739C1EA1A3EE0086532C /* Resources */,
			);
			buildRules = (
			);
			dependencies = (
			);
			name = audioBach;
			productName = audioBach;
			productReference = 3DD6739E1EA1A3EE0086532C /* audioBach.app */;
			productType = "com.apple.product-type.application";
		};
/* End PBXNativeTarget section */

/* Begin PBXProject section */
		3DD673961EA1A3EE0086532C /* Project object */ = {
			isa = PBXProject;
			attributes = {
				LastSwiftUpdateCheck = 0830;
				LastUpgradeCheck = 0830;
				ORGANIZATIONNAME = "West Kraemer";
				TargetAttributes = {
					3DD6739D1EA1A3EE0086532C = {
						CreatedOnToolsVersion = 8.3.1;
						ProvisioningStyle = Automatic;
					};
				};
			};
			buildConfigurationList = 3DD673991EA1A3EE0086532C /* Build configuration list for PBXProject "audioBach" */;
			compatibilityVersion = "Xcode 3.2";
			developmentRegion = English;
			hasScannedForEncodings = 0;
			knownRegions = (
				en,
				Base,
			);
			mainGroup = 3DD673951EA1A3EE0086532C;
			productRefGroup = 3DD6739F1EA1A3EE0086532C /* Products */;
			projectDirPath = "";
			projectRoot = "";
			targets = (
				3DD6739D1EA1A3EE0086532C /* audioBach */,
			);
		};
/* End PBXProject section */

/* Begin PBXResourcesBuildPhase section */
		3DD6739C1EA1A3EE0086532C /* Resources */ = {
			isa = PBXResourcesBuildPhase;
			buildActionMask = 2147483647;
			files = (
				3DD673AC1EA1A3EE0086532C /* LaunchScreen.storyboard in Resources */,
				3DD673A91EA1A3EE0086532C /* Assets.xcassets in Resources */,
				3DD673A71EA1A3EE0086532C /* Main.storyboard in Resources */,
			);
			runOnlyForDeploymentPostprocessing = 0;
		};
/* End PBXResourcesBuildPhase section */

/* Begin PBXSourcesBuildPhase section */
		3DD6739A1EA1A3EE0086532C /* Sources */ = {
			isa = PBXSourcesBuildPhase;
			buildActionMask = 2147483647;
			files = (
				3DD673A41EA1A3EE0086532C /* ViewController.swift in Sources */,
				3DD673A21EA1A3EE0086532C /* AppDelegate.swift in Sources */,
			);
			runOnlyForDeploymentPostprocessing = 0;
		};
/* End PBXSourcesBuildPhase section */

/* Begin PBXVariantGroup section */
		3DD673A51EA1A3EE0086532C /* Main.storyboard */ = {
			isa = PBXVariantGroup;
			children = (
				3DD673A61EA1A3EE0086532C /* Base */,
			);
			name = Main.storyboard;
			sourceTree = "<group>";
		};
		3DD673AA1EA1A3EE0086532C /* LaunchScreen.storyboard */ = {
			isa = PBXVariantGroup;
			children = (
				3DD673AB1EA1A3EE0086532C /* Base */,
			);
			name = LaunchScreen.storyboard;
			sourceTree = "<group>";
		};
/* End PBXVariantGroup section */

/* Begin XCBuildConfiguration section */
		3DD673AE1EA1A3EE0086532C /* Debug */ = {
			isa = XCBuildConfiguration;
			buildSettings = {
				ALWAYS_SEARCH_USER_PATHS = NO;
				CLANG_ANALYZER_NONNULL = YES;
				CLANG_ANALYZER_NUMBER_OBJECT_CONVERSION = YES_AGGRESSIVE;
				CLANG_CXX_LANGUAGE_STANDARD = "gnu++0x";
				CLANG_CXX_LIBRARY = "libc++";
				CLANG_ENABLE_MODULES = YES;
				CLANG_ENABLE_OBJC_ARC = YES;
				CLANG_WARN_BOOL_CONVERSION = YES;
				CLANG_WARN_CONSTANT_CONVERSION = YES;
				CLANG_WARN_DIRECT_OBJC_ISA_USAGE = YES_ERROR;
				CLANG_WARN_DOCUMENTATION_COMMENTS = YES;
				CLANG_WARN_EMPTY_BODY = YES;
				CLANG_WARN_ENUM_CONVERSION = YES;
				CLANG_WARN_INFINITE_RECURSION = YES;
				CLANG_WARN_INT_CONVERSION = YES;
				CLANG_WARN_OBJC_ROOT_CLASS = YES_ERROR;
				CLANG_WARN_SUSPICIOUS_MOVE = YES;
				CLANG_WARN_UNREACHABLE_CODE = YES;
				CLANG_WARN__DUPLICATE_METHOD_MATCH = YES;
				"CODE_SIGN_IDENTITY[sdk=iphoneos*]" = "iPhone Developer";
				COPY_PHASE_STRIP = NO;
				DEBUG_INFORMATION_FORMAT = dwarf;
				ENABLE_STRICT_OBJC_MSGSEND = YES;
				ENABLE_TESTABILITY = YES;
				GCC_C_LANGUAGE_STANDARD = gnu99;
				GCC_DYNAMIC_NO_PIC = NO;
				GCC_NO_COMMON_BLOCKS = YES;
				GCC_OPTIMIZATION_LEVEL = 0;
				GCC_PREPROCESSOR_DEFINITIONS = (
					"DEBUG=1",
					"$(inherited)",
				);
				GCC_WARN_64_TO_32_BIT_CONVERSION = YES;
				GCC_WARN_ABOUT_RETURN_TYPE = YES_ERROR;
				GCC_WARN_UNDECLARED_SELECTOR = YES;
				GCC_WARN_UNINITIALIZED_AUTOS = YES_AGGRESSIVE;
				GCC_WARN_UNUSED_FUNCTION = YES;
				GCC_WARN_UNUSED_VARIABLE = YES;
				IPHONEOS_DEPLOYMENT_TARGET = 10.3;
				MTL_ENABLE_DEBUG_INFO = YES;
				ONLY_ACTIVE_ARCH = YES;
				SDKROOT = iphoneos;
				SWIFT_ACTIVE_COMPILATION_CONDITIONS = DEBUG;
				SWIFT_OPTIMIZATION_LEVEL = "-Onone";
			};
			name = Debug;
		};
		3DD673AF1EA1A3EE0086532C /* Release */ = {
			isa = XCBuildConfiguration;
			buildSettings = {
				ALWAYS_SEARCH_USER_PATHS = NO;
				CLANG_ANALYZER_NONNULL = YES;
				CLANG_ANALYZER_NUMBER_OBJECT_CONVERSION = YES_AGGRESSIVE;
				CLANG_CXX_LANGUAGE_STANDARD = "gnu++0x";
				CLANG_CXX_LIBRARY = "libc++";
				CLANG_ENABLE_MODULES = YES;
				CLANG_ENABLE_OBJC_ARC = YES;
				CLANG_WARN_BOOL_CONVERSION = YES;
				CLANG_WARN_CONSTANT_CONVERSION = YES;
				CLANG_WARN_DIRECT_OBJC_ISA_USAGE = YES_ERROR;
				CLANG_WARN_DOCUMENTATION_COMMENTS = YES;
				CLANG_WARN_EMPTY_BODY = YES;
				CLANG_WARN_ENUM_CONVERSION = YES;
				CLANG_WARN_INFINITE_RECURSION = YES;
				CLANG_WARN_INT_CONVERSION = YES;
				CLANG_WARN_OBJC_ROOT_CLASS = YES_ERROR;
				CLANG_WARN_SUSPICIOUS_MOVE = YES;
				CLANG_WARN_UNREACHABLE_CODE = YES;
				CLANG_WARN__DUPLICATE_METHOD_MATCH = YES;
				"CODE_SIGN_IDENTITY[sdk=iphoneos*]" = "iPhone Developer";
				COPY_PHASE_STRIP = NO;
				DEBUG_INFORMATION_FORMAT = "dwarf-with-dsym";
				ENABLE_NS_ASSERTIONS = NO;
				ENABLE_STRICT_OBJC_MSGSEND = YES;
				GCC_C_LANGUAGE_STANDARD = gnu99;
				GCC_NO_COMMON_BLOCKS = YES;
				GCC_WARN_64_TO_32_BIT_CONVERSION = YES;
				GCC_WARN_ABOUT_RETURN_TYPE = YES_ERROR;
				GCC_WARN_UNDECLARED_SELECTOR = YES;
				GCC_WARN_UNINITIALIZED_AUTOS = YES_AGGRESSIVE;
				GCC_WARN_UNUSED_FUNCTION = YES;
				GCC_WARN_UNUSED_VARIABLE = YES;
				IPHONEOS_DEPLOYMENT_TARGET = 10.3;
				MTL_ENABLE_DEBUG_INFO = NO;
				SDKROOT = iphoneos;
				SWIFT_OPTIMIZATION_LEVEL = "-Owholemodule";
				VALIDATE_PRODUCT = YES;
			};
			name = Release;
		};
		3DD673B11EA1A3EE0086532C /* Debug */ = {
			isa = XCBuildConfiguration;
			buildSettings = {
				ASSETCATALOG_COMPILER_APPICON_NAME = AppIcon;
				INFOPLIST_FILE = audioBach/Info.plist;
				LD_RUNPATH_SEARCH_PATHS = "$(inherited) @executable_path/Frameworks";
				PRODUCT_BUNDLE_IDENTIFIER = com.example.audioBach;
				PRODUCT_NAME = "$(TARGET_NAME)";
				SWIFT_VERSION = 3.0;
			};
			name = Debug;
		};
		3DD673B21EA1A3EE0086532C /* Release */ = {
			isa = XCBuildConfiguration;
			buildSettings = {
				ASSETCATALOG_COMPILER_APPICON_NAME = AppIcon;
				INFOPLIST_FILE = audioBach/Info.plist;
				LD_RUNPATH_SEARCH_PATHS = "$(inherited) @executable_path/Frameworks";
				PRODUCT_BUNDLE_IDENTIFIER = com.example.audioBach;
				PRODUCT_NAME = "$(TARGET_NAME)";
				SWIFT_VERSION = 3.0;
			};
			name = Release;
		};
/* End XCBuildConfiguration section */

/* Begin XCConfigurationList section */
		3DD673991EA1A3EE0086532C /* Build configuration list for PBXProject "audioBach" */ = {
			isa = XCConfigurationList;
			buildConfigurations = (
				3DD673AE1EA1A3EE0086532C /* Debug */,
				3DD673AF1EA1A3EE0086532C /* Release */,
			);
			defaultConfigurationIsVisible = 0;
			defaultConfigurationName = Release;
		};
		3DD673B01EA1A3EE0086532C /* Build configuration list for PBXNativeTarget "audioBach" */ = {
			isa = XCConfigurationList;
			buildConfigurations = (
				3DD673B11EA1A3EE0086532C /* Debug */,
				3DD673B21EA1A3EE0086532C /* Release */,
			);
			defaultConfigurationIsVisible = 0;
		};
/* End XCConfigurationList section */
	};
	rootObject = 3DD673961EA1A3EE0086532C /* Project object */;
}
